Microsoft Visual Studio Solution File, Format Version 12.00
# Visual Studio Version 17
VisualStudioVersion = 17.5.2.0
MinimumVisualStudioVersion = 10.0.40219.1
Project("{FAE04EC0-301F-11D3-BF4B-00C04F79EFBC}") = "Uninove.Web", "Uninove.Web\Uninove.Web.csproj", "{04C33280-A77A-4652-5BB5-F1C32E55A476}"
EndProject
Global
	GlobalSection(SolutionConfigurationPlatforms) = preSolution
		Debug|Any CPU = Debug|Any CPU
		Release|Any CPU = Release|Any CPU
	EndGlobalSection
	GlobalSection(ProjectConfigurationPlatforms) = postSolution
		{04C33280-A77A-4652-5BB5-F1C32E55A476}.Debug|Any CPU.ActiveCfg = Debug|Any CPU
		{04C33280-A77A-4652-5BB5-F1C32E55A476}.Debug|Any CPU.Build.0 = Debug|Any CPU
		{04C33280-A77A-4652-5BB5-F1C32E55A476}.Release|Any CPU.ActiveCfg = Release|Any CPU
		{04C33280-A77A-4652-5BB5-F1C32E55A476}.Release|Any CPU.Build.0 = Release|Any CPU
	EndGlobalSection
	GlobalSection(SolutionProperties) = preSolution
		HideSolutionNode = FALSE
	EndGlobalSection
	GlobalSection(ExtensibilityGlobals) = postSolution
		SolutionGuid = {119E1E7C-E4CA-4757-A3EF-78416CA863B5}
	EndGlobalSection
EndGlobal
